{
  "name": "fwd_foro",
  "lockfileVersion": 3,
  "requires": true,
  "packages": {
    "": {
      "dependencies": {
        "react-oembed-container": "^1.0.1",
        "react-router5": "^8.0.1"
      }
    },
    "node_modules/js-tokens": {
      "version": "4.0.0",
      "resolved": "https://registry.npmjs.org/js-tokens/-/js-tokens-4.0.0.tgz",
      "integrity": "sha512-RdJUflcE3cUzKiMqQgsCu06FPu9UdIJO0beYbPhHN4k6apgJtifcoCtT9bcxOpYBtpD2kCM6Sbzg4CausW/PKQ=="
    },
    "node_modules/loose-envify": {
      "version": "1.4.0",
      "resolved": "https://registry.npmjs.org/loose-envify/-/loose-envify-1.4.0.tgz",
      "integrity": "sha512-lyuxPGr/Wfhrlem2CL/UcnUc1zcqKAImBDzukY7Y5F/yQiNdko6+fRLevlw1HgMySw7f611UIY408EtxRSoK3Q==",
      "dependencies": {
        "js-tokens": "^3.0.0 || ^4.0.0"
      },
      "bin": {
        "loose-envify": "cli.js"
      }
    },
    "node_modules/object-assign": {
      "version": "4.1.1",
      "resolved": "https://registry.npmjs.org/object-assign/-/object-assign-4.1.1.tgz",
      "integrity": "sha512-rJgTQnkUnH1sFw8yT6VSU3zD3sWmu6sZhIseY8VX+GRu3P6F7Fu+JNDoXfklElbLJSnc3FUQHVe4cU5hj+BcUg==",
      "engines": {
        "node": ">=0.10.0"
      }
    },
    "node_modules/path-parser": {
      "version": "6.1.0",
      "resolved": "https://registry.npmjs.org/path-parser/-/path-parser-6.1.0.tgz",
      "integrity": "sha512-nAB6J73z2rFcQP+870OHhpkHFj5kO4rPLc2Ol4Y3Ale7F6Hk1/cPKp7cQ8RznKF8FOSvu+YR9Xc6Gafk7DlpYA==",
      "peer": true,
      "dependencies": {
        "search-params": "3.0.0",
        "tslib": "^1.10.0"
      }
    },
    "node_modules/prop-types": {
      "version": "15.8.1",
      "resolved": "https://registry.npmjs.org/prop-types/-/prop-types-15.8.1.tgz",
      "integrity": "sha512-oj87CgZICdulUohogVAR7AjlC0327U4el4L6eAvOqCeudMDVU0NThNaV+b9Df4dXgSP1gXMTnPdhfe/2qDH5cg==",
      "dependencies": {
        "loose-envify": "^1.4.0",
        "object-assign": "^4.1.1",
        "react-is": "^16.13.1"
      }
    },
    "node_modules/react": {
      "version": "17.0.2",
      "resolved": "https://registry.npmjs.org/react/-/react-17.0.2.tgz",
      "integrity": "sha512-gnhPt75i/dq/z3/6q/0asP78D0u592D5L1pd7M8P+dck6Fu/jJeL6iVVK23fptSUZj8Vjf++7wXA8UNclGQcbA==",
      "peer": true,
      "dependencies": {
        "loose-envify": "^1.1.0",
        "object-assign": "^4.1.1"
      },
      "engines": {
        "node": ">=0.10.0"
      }
    },
    "node_modules/react-dom": {
      "version": "17.0.2",
      "resolved": "https://registry.npmjs.org/react-dom/-/react-dom-17.0.2.tgz",
      "integrity": "sha512-s4h96KtLDUQlsENhMn1ar8t2bEa+q/YAtj8pPPdIjPDGBDIVNsrD9aXNWqspUe6AzKCIG0C1HZZLqLV7qpOBGA==",
      "peer": true,
      "dependencies": {
        "loose-envify": "^1.1.0",
        "object-assign": "^4.1.1",
        "scheduler": "^0.20.2"
      },
      "peerDependencies": {
        "react": "17.0.2"
      }
    },
    "node_modules/react-is": {
      "version": "16.13.1",
      "resolved": "https://registry.npmjs.org/react-is/-/react-is-16.13.1.tgz",
      "integrity": "sha512-24e6ynE2H+OKt4kqsOvNd8kBpV65zoxbA4BVsEOB3ARVWQki/DHzaUoC5KuON/BiccDaCCTZBuOcfZs70kR8bQ=="
    },
    "node_modules/react-oembed-container": {
      "version": "1.0.1",
      "resolved": "https://registry.npmjs.org/react-oembed-container/-/react-oembed-container-1.0.1.tgz",
      "integrity": "sha512-wU7s2Ql6LZp7bTbf7Hloy7ONDCSb+44iM4Ezdk36qqsVSxOefvN70DBuqf3Z/c7zQdYVwODHryMYawq6sxmG+A==",
      "dependencies": {
        "prop-types": "^15.6.0"
      },
      "peerDependencies": {
        "react": "^16.2.0 || ^17.0.0",
        "react-dom": "^16.2.0 || ^17.0.0"
      }
    },
    "node_modules/react-router5": {
      "version": "8.0.1",
      "resolved": "https://registry.npmjs.org/react-router5/-/react-router5-8.0.1.tgz",
      "integrity": "sha512-jdkhOql49DOjeF+O77mSfnyOyrXPpQKpSi/TdrDkS9lGrzeJWtgxpUEglHLaIhzrMOGhmqr6vosoh4dtExkzMQ==",
      "dependencies": {
        "router5-transition-path": "^8.0.1"
      },
      "peerDependencies": {
        "react": ">=16.3.0",
        "router5": "^8.0.0"
      }
    },
    "node_modules/route-node": {
      "version": "4.1.1",
      "resolved": "https://registry.npmjs.org/route-node/-/route-node-4.1.1.tgz",
      "integrity": "sha512-bJVDVEQvXYqTC/LQ/2ohNZ2gPRO4+3ZvHeafuCyRZAd63qH17yspVfxOBzasE/t7SmSO30sT/yPSEMuPDGHhSQ==",
      "peer": true,
      "dependencies": {
        "path-parser": "6.1.0",
        "search-params": "3.0.0",
        "tslib": "^1.10.0"
      }
    },
    "node_modules/router5": {
      "version": "8.0.1",
      "resolved": "https://registry.npmjs.org/router5/-/router5-8.0.1.tgz",
      "integrity": "sha512-LBLQAYd2ZI1FiiBqGf82oC+LRD0PUABrZqTzd6OmyK+t5N8wRs3hbIxeiy/9Zy+xI8Fdf/0WM68P41W6MH8pdQ==",
      "peer": true,
      "dependencies": {
        "route-node": "4.1.1",
        "router5-transition-path": "^8.0.1",
        "symbol-observable": "1.2.0"
      }
    },
    "node_modules/router5-transition-path": {
      "version": "8.0.1",
      "resolved": "https://registry.npmjs.org/router5-transition-path/-/router5-transition-path-8.0.1.tgz",
      "integrity": "sha512-l7MFEUmasEhe1emrO79t7BkCqQQRZdenz4c3qJmZpe8V6BCerZQR+SYbZL5zmQ3hazY7nR264jCWuNed+cMD2A==",
      "peerDependencies": {
        "router5": "^8.0.0"
      }
    },
    "node_modules/scheduler": {
      "version": "0.20.2",
      "resolved": "https://registry.npmjs.org/scheduler/-/scheduler-0.20.2.tgz",
      "integrity": "sha512-2eWfGgAqqWFGqtdMmcL5zCMK1U8KlXv8SQFGglL3CEtd0aDVDWgeF/YoCmvln55m5zSk3J/20hTaSBeSObsQDQ==",
      "peer": true,
      "dependencies": {
        "loose-envify": "^1.1.0",
        "object-assign": "^4.1.1"
      }
    },
    "node_modules/search-params": {
      "version": "3.0.0",
      "resolved": "https://registry.npmjs.org/search-params/-/search-params-3.0.0.tgz",
      "integrity": "sha512-8CYNl/bjkEhXWbDTU/K7c2jQtrnqEffIPyOLMqygW/7/b+ym8UtQumcAZjOfMLjZKR6AxK5tOr9fChbQZCzPqg==",
      "peer": true
    },
    "node_modules/symbol-observable": {
      "version": "1.2.0",
      "resolved": "https://registry.npmjs.org/symbol-observable/-/symbol-observable-1.2.0.tgz",
      "integrity": "sha512-e900nM8RRtGhlV36KGEU9k65K3mPb1WV70OdjfxlG2EAuM1noi/E/BaW/uMhL7bPEssK8QV57vN3esixjUvcXQ==",
      "peer": true,
      "engines": {
        "node": ">=0.10.0"
      }
    },
    "node_modules/tslib": {
      "version": "1.14.1",
      "resolved": "https://registry.npmjs.org/tslib/-/tslib-1.14.1.tgz",
      "integrity": "sha512-Xni35NKzjgMrwevysHTCArtLDpPvye8zV/0E4EyYn43P7/7qvQwPh9BGkHewbMulVntbigmcT7rdX3BNo9wRJg==",
      "peer": true
    }
  }
}
